
Microsoft Visual Studio Solution File, Format Version 12.00
# Visual Studio Version 17
VisualStudioVersion = 17.10.35013.160
MinimumVisualStudioVersion = 10.0.40219.1
Project("{9A19103F-16F7-4668-BE54-9A1E7A4F7556}") = "Manager", "Manager\Manager.csproj", "{289F5FFC-F13F-494D-8F58-2C0366F87F4B}"
EndProject
Project("{E53339B2-1760-4266-BCC7-CA923CBCF16C}") = "docker-compose", "docker-compose.dcproj", "{1F00ABD7-4AA9-4845-9932-9F8B9616020A}"
EndProject
Project("{9A19103F-16F7-4668-BE54-9A1E7A4F7556}") = "UserAccessor", "UserAccessor\UserAccessor.csproj", "{A2A4B66A-A56E-4436-B67E-CF0682BB30E7}"
EndProject
Project("{2150E333-8FDC-42A3-9474-1A3956D46DE8}") = "dapr", "dapr", "{7BB1BEFF-BCA4-4D9F-8E28-07710062CB23}"
	ProjectSection(SolutionItems) = preProject
		dapr\config.yaml = dapr\config.yaml
	EndProjectSection
EndProject
Project("{2150E333-8FDC-42A3-9474-1A3956D46DE8}") = "components", "components", "{4D3C98E3-C5E9-4C1A-BF12-C446525FB664}"
EndProject
Project("{9A19103F-16F7-4668-BE54-9A1E7A4F7556}") = "NewsAPI", "NewsAPI\NewsAPI.csproj", "{4FA952DB-76DB-4A29-A5AE-7BD77C954275}"
EndProject
Project("{FAE04EC0-301F-11D3-BF4B-00C04F79EFBC}") = "SummarizeAPI", "SummarizeAPI\SummarizeAPI.csproj", "{658DB9D9-036E-4039-A4E0-BE1CC308FDC7}"
EndProject
Global
	GlobalSection(SolutionConfigurationPlatforms) = preSolution
		Debug|Any CPU = Debug|Any CPU
		Release|Any CPU = Release|Any CPU
	EndGlobalSection
	GlobalSection(ProjectConfigurationPlatforms) = postSolution
		{289F5FFC-F13F-494D-8F58-2C0366F87F4B}.Debug|Any CPU.ActiveCfg = Debug|Any CPU
		{289F5FFC-F13F-494D-8F58-2C0366F87F4B}.Debug|Any CPU.Build.0 = Debug|Any CPU
		{289F5FFC-F13F-494D-8F58-2C0366F87F4B}.Release|Any CPU.ActiveCfg = Release|Any CPU
		{289F5FFC-F13F-494D-8F58-2C0366F87F4B}.Release|Any CPU.Build.0 = Release|Any CPU
		{1F00ABD7-4AA9-4845-9932-9F8B9616020A}.Debug|Any CPU.ActiveCfg = Debug|Any CPU
		{1F00ABD7-4AA9-4845-9932-9F8B9616020A}.Debug|Any CPU.Build.0 = Debug|Any CPU
		{1F00ABD7-4AA9-4845-9932-9F8B9616020A}.Release|Any CPU.ActiveCfg = Release|Any CPU
		{1F00ABD7-4AA9-4845-9932-9F8B9616020A}.Release|Any CPU.Build.0 = Release|Any CPU
		{A2A4B66A-A56E-4436-B67E-CF0682BB30E7}.Debug|Any CPU.ActiveCfg = Debug|Any CPU
		{A2A4B66A-A56E-4436-B67E-CF0682BB30E7}.Debug|Any CPU.Build.0 = Debug|Any CPU
		{A2A4B66A-A56E-4436-B67E-CF0682BB30E7}.Release|Any CPU.ActiveCfg = Release|Any CPU
		{A2A4B66A-A56E-4436-B67E-CF0682BB30E7}.Release|Any CPU.Build.0 = Release|Any CPU
		{4FA952DB-76DB-4A29-A5AE-7BD77C954275}.Debug|Any CPU.ActiveCfg = Debug|Any CPU
		{4FA952DB-76DB-4A29-A5AE-7BD77C954275}.Debug|Any CPU.Build.0 = Debug|Any CPU
		{4FA952DB-76DB-4A29-A5AE-7BD77C954275}.Release|Any CPU.ActiveCfg = Release|Any CPU
		{4FA952DB-76DB-4A29-A5AE-7BD77C954275}.Release|Any CPU.Build.0 = Release|Any CPU
		{658DB9D9-036E-4039-A4E0-BE1CC308FDC7}.Debug|Any CPU.ActiveCfg = Debug|Any CPU
		{658DB9D9-036E-4039-A4E0-BE1CC308FDC7}.Debug|Any CPU.Build.0 = Debug|Any CPU
		{658DB9D9-036E-4039-A4E0-BE1CC308FDC7}.Release|Any CPU.ActiveCfg = Release|Any CPU
		{658DB9D9-036E-4039-A4E0-BE1CC308FDC7}.Release|Any CPU.Build.0 = Release|Any CPU
	EndGlobalSection
	GlobalSection(SolutionProperties) = preSolution
		HideSolutionNode = FALSE
	EndGlobalSection
	GlobalSection(NestedProjects) = preSolution
		{4D3C98E3-C5E9-4C1A-BF12-C446525FB664} = {7BB1BEFF-BCA4-4D9F-8E28-07710062CB23}
	EndGlobalSection
	GlobalSection(ExtensibilityGlobals) = postSolution
		SolutionGuid = {F0E5198B-50F3-4883-AD75-8936F5F08AAB}
	EndGlobalSection
EndGlobal
